<?xml version="1.0" encoding="utf-8"?>
<Project ToolsVersion="4.0" xmlns="http://schemas.microsoft.com/developer/msbuild/2003">
  <ItemGroup>
    <Filter Include="Source Files">
      <UniqueIdentifier>{4FC737F1-C7A5-4376-A066-2A32D752A2FF}</UniqueIdentifier>
      <Extensions>cpp;c;cc;cxx;def;odl;idl;hpj;bat;asm;asmx</Extensions>
    </Filter>
    <Filter Include="Header Files">
      <UniqueIdentifier>{93995380-89BD-4b04-88EB-625FBE52EBFB}</UniqueIdentifier>
      <Extensions>h;hh;hpp;hxx;hm;inl;inc;xsd</Extensions>
    </Filter>
    <Filter Include="Resource Files">
      <UniqueIdentifier>{67DA6AB6-F800-4c08-8B7A-83BB121AAD01}</UniqueIdentifier>
      <Extensions>rc;ico;cur;bmp;dlg;rc2;rct;bin;rgs;gif;jpg;jpeg;jpe;resx;tiff;tif;png;wav;mfcribbon-ms</Extensions>
    </Filter>
  </ItemGroup>
  <ItemGroup>
    <ClInclude Include="RemoteProcessAttachOperation.h">
      <Filter>Header Files</Filter>
    </ClInclude>
    <ClInclude Include="RemoteProcessCore.h">
      <Filter>Header Files</Filter>
    </ClInclude>
    <ClInclude Include="RemoteProcessDetachOperation.h">
      <Filter>Header Files</Filter>
    </ClInclude>
    <ClInclude Include="RemoteProcessEventHandler.h">
      <Filter>Header Files</Filter>
    </ClInclude>
    <ClInclude Include="RemoteProcessListOperation.h">
      <Filter>Header Files</Filter>
    </ClInclude>
    <ClInclude Include="RemoteProcessMessageProcessor.h">
      <Filter>Header Files</Filter>
    </ClInclude>
    <ClInclude Include="RemoteProcessOperation.h">
      <Filter>Header Files</Filter>
    </ClInclude>
    <ClInclude Include="RemoteProcessOperationEventListener.h">
      <Filter>Header Files</Filter>
    </ClInclude>
    <ClInclude Include="RemoteProcessReplyBuffer.h">
      <Filter>Header Files</Filter>
    </ClInclude>
    <ClInclude Include="RemoteProcessRequestSender.h">
      <Filter>Header Files</Filter>
    </ClInclude>
    <ClInclude Include="RemoteProcessInterface.h">
      <Filter>Header Files</Filter>
    </ClInclude>
  </ItemGroup>
  <ItemGroup>
    <ClCompile Include="RemoteProcessAttachOperation.cpp">
      <Filter>Source Files</Filter>
    </ClCompile>
    <ClCompile Include="RemoteProcessCore.cpp">
      <Filter>Source Files</Filter>
    </ClCompile>
    <ClCompile Include="RemoteProcessDetachOperation.cpp">
      <Filter>Source Files</Filter>
    </ClCompile>
    <ClCompile Include="RemoteProcessEventHandler.cpp">
      <Filter>Source Files</Filter>
    </ClCompile>
    <ClCompile Include="RemoteProcessListOperation.cpp">
      <Filter>Source Files</Filter>
    </ClCompile>
    <ClCompile Include="RemoteProcessMessageProcessor.cpp">
      <Filter>Source Files</Filter>
    </ClCompile>
    <ClCompile Include="RemoteProcessOperation.cpp">
      <Filter>Source Files</Filter>
    </ClCompile>
    <ClCompile Include="RemoteProcessOperationEventListener.cpp">
      <Filter>Source Files</Filter>
    </ClCompile>
    <ClCompile Include="RemoteProcessReplyBuffer.cpp">
      <Filter>Source Files</Filter>
    </ClCompile>
    <ClCompile Include="RemoteProcessRequestSender.cpp">
      <Filter>Source Files</Filter>
    </ClCompile>
    <ClCompile Include="RemoteProcessInterface.cpp">
      <Filter>Source Files</Filter>
    </ClCompile>
  </ItemGroup>
</Project>